
Microsoft Visual Studio Solution File, Format Version 12.00
# Visual Studio 15
VisualStudioVersion = 15.0.28307.168
MinimumVisualStudioVersion = 10.0.40219.1
Project("{FAE04EC0-301F-11D3-BF4B-00C04F79EFBC}") = "HelloReact", "HelloReact\HelloReact.csproj", "{6454F26A-929B-46CA-8BEE-79F42B8FB465}"
EndProject
Global
	GlobalSection(SolutionConfigurationPlatforms) = preSolution
		Debug|Any CPU = Debug|Any CPU
		Release|Any CPU = Release|Any CPU
	EndGlobalSection
	GlobalSection(ProjectConfigurationPlatforms) = postSolution
		{6454F26A-929B-46CA-8BEE-79F42B8FB465}.Debug|Any CPU.ActiveCfg = Debug|Any CPU
		{6454F26A-929B-46CA-8BEE-79F42B8FB465}.Debug|Any CPU.Build.0 = Debug|Any CPU
		{6454F26A-929B-46CA-8BEE-79F42B8FB465}.Release|Any CPU.ActiveCfg = Release|Any CPU
		{6454F26A-929B-46CA-8BEE-79F42B8FB465}.Release|Any CPU.Build.0 = Release|Any CPU
	EndGlobalSection
	GlobalSection(SolutionProperties) = preSolution
		HideSolutionNode = FALSE
	EndGlobalSection
	GlobalSection(ExtensibilityGlobals) = postSolution
		SolutionGuid = {FA615A0D-50F6-43BB-8D99-9F78A59CAB94}
	EndGlobalSection
EndGlobal
